Microsoft Visual Studio Solution File, Format Version 12.00
# Visual Studio Version 16
VisualStudioVersion = 16.0.0.0
MinimumVisualStudioVersion = 16.0.0.0
Project("{9A19103F-16F7-4668-BE54-9A1E7A4F7556}") = "StarterProject.Web.Server", "StarterProject.Web.Server\StarterProject.Web.Server.csproj", "{71E21124-D8CD-4DAD-8980-0EA32FCBC1F0}"
EndProject
Project("{9A19103F-16F7-4668-BE54-9A1E7A4F7556}") = "StarterProject.Web.Client", "StarterProject.Web.Client\StarterProject.Web.Client.csproj", "{ADFC3CE0-1B73-4CE1-8222-6F8B995C3AF5}"
EndProject
Global
	GlobalSection(SolutionConfigurationPlatforms) = preSolution
		Debug|Any CPU = Debug|Any CPU
		Debug|x64 = Debug|x64
		Debug|x86 = Debug|x86
		Release|Any CPU = Release|Any CPU
		Release|x64 = Release|x64
		Release|x86 = Release|x86
	EndGlobalSection
	GlobalSection(ProjectConfigurationPlatforms) = postSolution
		{ADFC3CE0-1B73-4CE1-8222-6F8B995C3AF5}.Debug|Any CPU.ActiveCfg = Debug|Any CPU
		{ADFC3CE0-1B73-4CE1-8222-6F8B995C3AF5}.Debug|Any CPU.Build.0 = Debug|Any CPU
		{ADFC3CE0-1B73-4CE1-8222-6F8B995C3AF5}.Debug|x64.ActiveCfg = Debug|Any CPU
		{ADFC3CE0-1B73-4CE1-8222-6F8B995C3AF5}.Debug|x64.Build.0 = Debug|Any CPU
		{ADFC3CE0-1B73-4CE1-8222-6F8B995C3AF5}.Debug|x86.ActiveCfg = Debug|Any CPU
		{ADFC3CE0-1B73-4CE1-8222-6F8B995C3AF5}.Debug|x86.Build.0 = Debug|Any CPU
		{ADFC3CE0-1B73-4CE1-8222-6F8B995C3AF5}.Release|Any CPU.ActiveCfg = Release|Any CPU
		{ADFC3CE0-1B73-4CE1-8222-6F8B995C3AF5}.Release|Any CPU.Build.0 = Release|Any CPU
		{ADFC3CE0-1B73-4CE1-8222-6F8B995C3AF5}.Release|x64.ActiveCfg = Release|Any CPU
		{ADFC3CE0-1B73-4CE1-8222-6F8B995C3AF5}.Release|x64.Build.0 = Release|Any CPU
		{ADFC3CE0-1B73-4CE1-8222-6F8B995C3AF5}.Release|x86.ActiveCfg = Release|Any CPU
		{ADFC3CE0-1B73-4CE1-8222-6F8B995C3AF5}.Release|x86.Build.0 = Release|Any CPU
		{71E21124-D8CD-4DAD-8980-0EA32FCBC1F0}.Debug|Any CPU.ActiveCfg = Debug|Any CPU
		{71E21124-D8CD-4DAD-8980-0EA32FCBC1F0}.Debug|Any CPU.Build.0 = Debug|Any CPU
		{71E21124-D8CD-4DAD-8980-0EA32FCBC1F0}.Debug|x64.ActiveCfg = Debug|Any CPU
		{71E21124-D8CD-4DAD-8980-0EA32FCBC1F0}.Debug|x64.Build.0 = Debug|Any CPU
		{71E21124-D8CD-4DAD-8980-0EA32FCBC1F0}.Debug|x86.ActiveCfg = Debug|Any CPU
		{71E21124-D8CD-4DAD-8980-0EA32FCBC1F0}.Debug|x86.Build.0 = Debug|Any CPU
		{71E21124-D8CD-4DAD-8980-0EA32FCBC1F0}.Release|Any CPU.ActiveCfg = Release|Any CPU
		{71E21124-D8CD-4DAD-8980-0EA32FCBC1F0}.Release|Any CPU.Build.0 = Release|Any CPU
		{71E21124-D8CD-4DAD-8980-0EA32FCBC1F0}.Release|x64.ActiveCfg = Release|Any CPU
		{71E21124-D8CD-4DAD-8980-0EA32FCBC1F0}.Release|x64.Build.0 = Release|Any CPU
		{71E21124-D8CD-4DAD-8980-0EA32FCBC1F0}.Release|x86.ActiveCfg = Release|Any CPU
		{71E21124-D8CD-4DAD-8980-0EA32FCBC1F0}.Release|x86.Build.0 = Release|Any CPU
	EndGlobalSection
	GlobalSection(SolutionProperties) = preSolution
		HideSolutionNode = FALSE
	EndGlobalSection
	GlobalSection(ExtensibilityGlobals) = postSolution
		SolutionGuid = {7FB2B1E3-30E4-458A-9469-FA8AFCCFF5A4}
	EndGlobalSection
EndGlobal
